# Code generated by scarb DO NOT EDIT.
version = 1

[[package]]
name = "corelib_imports"
version = "0.1.2"
source = "git+https://github.com/keep-starknet-strange/garaga.git?branch=main#8d65f565b66e125959cacc50b7757d757fd056bd"

[[package]]
name = "fp"
version = "0.1.4"
source = "registry+https://scarbs.xyz/"
checksum = "sha256:f636c02dfcb0fd321cd865c3ef0d5d352c7e27e4e21a2c3ad5836ab0d2511236"

[[package]]
name = "garaga"
version = "0.18.2"
source = "git+https://github.com/keep-starknet-strange/garaga.git?branch=main#8d65f565b66e125959cacc50b7757d757fd056bd"
dependencies = [
 "corelib_imports",
]

[[package]]
name = "openzeppelin_access"
version = "2.0.0"
source = "registry+https://scarbs.xyz/"
checksum = "sha256:511681dd26d814ee2bc996d44ff8cb4aaa5ae9d14272130def7eb901cf004850"
dependencies = [
 "openzeppelin_introspection",
]

[[package]]
name = "openzeppelin_account"
version = "2.0.0"
source = "registry+https://scarbs.xyz/"
checksum = "sha256:fb3381c50d68b028d3801feb43df378e2bd62137b6884844f8f60aefe796188b"
dependencies = [
 "openzeppelin_introspection",
 "openzeppelin_utils",
]

[[package]]
name = "openzeppelin_introspection"
version = "2.0.0"
source = "registry+https://scarbs.xyz/"
checksum = "sha256:87773ed6cd2318f169283ecbbb161890d1996260a80302d81ec45b70ee5e54c1"

[[package]]
name = "openzeppelin_token"
version = "2.0.0"
source = "registry+https://scarbs.xyz/"
checksum = "sha256:6fe61f63b5a6706018265fb7373b6e5bd3ff829bdc760b2b90296b1e708d180c"
dependencies = [
 "openzeppelin_access",
 "openzeppelin_account",
 "openzeppelin_introspection",
 "openzeppelin_utils",
]

[[package]]
name = "openzeppelin_upgrades"
version = "2.0.0"
source = "registry+https://scarbs.xyz/"
checksum = "sha256:560d57a9c3f3ec5a476e82fec8963c93c8df63a4ff9ff134f64ab8383bde3c61"

[[package]]
name = "openzeppelin_utils"
version = "2.0.0"
source = "registry+https://scarbs.xyz/"
checksum = "sha256:bf799c794139837f397975ffdf6a7ed5032d198bbf70e87a8f44f144a9dfc505"

[[package]]
name = "pitch_lake"
version = "0.1.0"
source = "git+https://github.com/ametel01/pitchlake_starknet.git?branch=scarb-updates#6d7d62d7e2b86cb1d0ba5de11df1ccdd21999047"
dependencies = [
 "fp",
 "openzeppelin_access",
 "openzeppelin_token",
 "openzeppelin_utils",
]

[[package]]
name = "pitchlake_verifier"
version = "0.1.0"
dependencies = [
 "fp",
 "garaga",
 "openzeppelin_access",
 "openzeppelin_upgrades",
 "pitch_lake",
 "snforge_std",
]

[[package]]
name = "sha2_input"
version = "0.1.0"
dependencies = [
 "fp",
 "openzeppelin_access",
 "openzeppelin_upgrades",
 "snforge_std",
]

[[package]]
name = "snforge_scarb_plugin"
version = "0.49.0"
source = "registry+https://scarbs.xyz/"
checksum = "sha256:903150f0e9542e4277d417029eea4c03af0db398b581f9f7ae3ebbdac9afc657"

[[package]]
name = "snforge_std"
version = "0.49.0"
source = "registry+https://scarbs.xyz/"
checksum = "sha256:73d73653cc4356ec51b92a6bec9d8385b20318170c2f2ade7891e5185a0e7e64"
dependencies = [
 "snforge_scarb_plugin",
]
